
Microsoft Visual Studio Solution File, Format Version 12.00
# Visual Studio Version 17
VisualStudioVersion = 17.4.33213.308
MinimumVisualStudioVersion = 10.0.40219.1
Project("{9A19103F-16F7-4668-BE54-9A1E7A4F7556}") = "TelegramBot", "TelegramBot\TelegramBot.csproj", "{F44F7489-BF3C-4F5F-83EE-3378306FC387}"
EndProject
Project("{9A19103F-16F7-4668-BE54-9A1E7A4F7556}") = "ConsoleTelegram", "Starter\ConsoleTelegram.csproj", "{C28587EC-7012-4E32-8B09-9CD291BAEC11}"
EndProject
Project("{9A19103F-16F7-4668-BE54-9A1E7A4F7556}") = "DataAccess", "DataAccess\DataAccess.csproj", "{23266720-C2EB-45AC-A489-FCACC7B81C6B}"
EndProject
Project("{9A19103F-16F7-4668-BE54-9A1E7A4F7556}") = "BusinessLogic", "BusinessLogic\BusinessLogic.csproj", "{F5E35CFC-DF41-430B-B8DD-17EF840BC308}"
EndProject
Global
	GlobalSection(SolutionConfigurationPlatforms) = preSolution
		Debug|Any CPU = Debug|Any CPU
		Release|Any CPU = Release|Any CPU
	EndGlobalSection
	GlobalSection(ProjectConfigurationPlatforms) = postSolution
		{F44F7489-BF3C-4F5F-83EE-3378306FC387}.Debug|Any CPU.ActiveCfg = Debug|Any CPU
		{F44F7489-BF3C-4F5F-83EE-3378306FC387}.Debug|Any CPU.Build.0 = Debug|Any CPU
		{F44F7489-BF3C-4F5F-83EE-3378306FC387}.Release|Any CPU.ActiveCfg = Release|Any CPU
		{F44F7489-BF3C-4F5F-83EE-3378306FC387}.Release|Any CPU.Build.0 = Release|Any CPU
		{C28587EC-7012-4E32-8B09-9CD291BAEC11}.Debug|Any CPU.ActiveCfg = Debug|Any CPU
		{C28587EC-7012-4E32-8B09-9CD291BAEC11}.Debug|Any CPU.Build.0 = Debug|Any CPU
		{C28587EC-7012-4E32-8B09-9CD291BAEC11}.Release|Any CPU.ActiveCfg = Release|Any CPU
		{C28587EC-7012-4E32-8B09-9CD291BAEC11}.Release|Any CPU.Build.0 = Release|Any CPU
		{23266720-C2EB-45AC-A489-FCACC7B81C6B}.Debug|Any CPU.ActiveCfg = Debug|Any CPU
		{23266720-C2EB-45AC-A489-FCACC7B81C6B}.Debug|Any CPU.Build.0 = Debug|Any CPU
		{23266720-C2EB-45AC-A489-FCACC7B81C6B}.Release|Any CPU.ActiveCfg = Release|Any CPU
		{23266720-C2EB-45AC-A489-FCACC7B81C6B}.Release|Any CPU.Build.0 = Release|Any CPU
		{F5E35CFC-DF41-430B-B8DD-17EF840BC308}.Debug|Any CPU.ActiveCfg = Debug|Any CPU
		{F5E35CFC-DF41-430B-B8DD-17EF840BC308}.Debug|Any CPU.Build.0 = Debug|Any CPU
		{F5E35CFC-DF41-430B-B8DD-17EF840BC308}.Release|Any CPU.ActiveCfg = Release|Any CPU
		{F5E35CFC-DF41-430B-B8DD-17EF840BC308}.Release|Any CPU.Build.0 = Release|Any CPU
	EndGlobalSection
	GlobalSection(SolutionProperties) = preSolution
		HideSolutionNode = FALSE
	EndGlobalSection
	GlobalSection(ExtensibilityGlobals) = postSolution
		SolutionGuid = {1C72200B-0687-4CB4-B8E6-412F78B24399}
	EndGlobalSection
EndGlobal
